
Microsoft Visual Studio Solution File, Format Version 12.00
# Visual Studio Version 16
VisualStudioVersion = 16.0.30907.101
MinimumVisualStudioVersion = 10.0.40219.1
Project("{FAE04EC0-301F-11D3-BF4B-00C04F79EFBC}") = "CpmPedidos.Domain", "CpmPedidos.Domain\CpmPedidos.Domain.csproj", "{FE27B436-160A-4A28-AFCE-D3DBBFC04C59}"
EndProject
Project("{FAE04EC0-301F-11D3-BF4B-00C04F79EFBC}") = "CpmPedidos.Interface", "CpmPedidos.Interface\CpmPedidos.Interface.csproj", "{F16A1024-A2D6-4A74-9EAD-2E36ED1BB5A4}"
EndProject
Project("{FAE04EC0-301F-11D3-BF4B-00C04F79EFBC}") = "CpmPedidos.Repository", "CpmPedidos.Repository\CpmPedidos.Repository.csproj", "{316BA356-5B22-4992-B924-9CC056FA8627}"
EndProject
Global
	GlobalSection(SolutionConfigurationPlatforms) = preSolution
		Debug|Any CPU = Debug|Any CPU
		Release|Any CPU = Release|Any CPU
	EndGlobalSection
	GlobalSection(ProjectConfigurationPlatforms) = postSolution
		{FE27B436-160A-4A28-AFCE-D3DBBFC04C59}.Debug|Any CPU.ActiveCfg = Debug|Any CPU
		{FE27B436-160A-4A28-AFCE-D3DBBFC04C59}.Debug|Any CPU.Build.0 = Debug|Any CPU
		{FE27B436-160A-4A28-AFCE-D3DBBFC04C59}.Release|Any CPU.ActiveCfg = Release|Any CPU
		{FE27B436-160A-4A28-AFCE-D3DBBFC04C59}.Release|Any CPU.Build.0 = Release|Any CPU
		{F16A1024-A2D6-4A74-9EAD-2E36ED1BB5A4}.Debug|Any CPU.ActiveCfg = Debug|Any CPU
		{F16A1024-A2D6-4A74-9EAD-2E36ED1BB5A4}.Debug|Any CPU.Build.0 = Debug|Any CPU
		{F16A1024-A2D6-4A74-9EAD-2E36ED1BB5A4}.Release|Any CPU.ActiveCfg = Release|Any CPU
		{F16A1024-A2D6-4A74-9EAD-2E36ED1BB5A4}.Release|Any CPU.Build.0 = Release|Any CPU
		{316BA356-5B22-4992-B924-9CC056FA8627}.Debug|Any CPU.ActiveCfg = Debug|Any CPU
		{316BA356-5B22-4992-B924-9CC056FA8627}.Debug|Any CPU.Build.0 = Debug|Any CPU
		{316BA356-5B22-4992-B924-9CC056FA8627}.Release|Any CPU.ActiveCfg = Release|Any CPU
		{316BA356-5B22-4992-B924-9CC056FA8627}.Release|Any CPU.Build.0 = Release|Any CPU
	EndGlobalSection
	GlobalSection(SolutionProperties) = preSolution
		HideSolutionNode = FALSE
	EndGlobalSection
	GlobalSection(ExtensibilityGlobals) = postSolution
		SolutionGuid = {545E4402-1415-480A-9401-3E54F80C9CC2}
	EndGlobalSection
EndGlobal
